
Microsoft Visual Studio Solution File, Format Version 10.00
# Visual Studio 2008
Project("{FAE04EC0-301F-11D3-BF4B-00C04F79EFBC}") = "Lab 2 Exercise 1", "Lab 2 Exercise 1\Lab 2 Exercise 1.csproj", "{104B07E0-1DF9-4EC2-94E6-DA834EC15055}"
EndProject
Global
	GlobalSection(SolutionConfigurationPlatforms) = preSolution
		Debug|Any CPU = Debug|Any CPU
		Release|Any CPU = Release|Any CPU
	EndGlobalSection
	GlobalSection(ProjectConfigurationPlatforms) = postSolution
		{104B07E0-1DF9-4EC2-94E6-DA834EC15055}.Debug|Any CPU.ActiveCfg = Debug|Any CPU
		{104B07E0-1DF9-4EC2-94E6-DA834EC15055}.Debug|Any CPU.Build.0 = Debug|Any CPU
		{104B07E0-1DF9-4EC2-94E6-DA834EC15055}.Release|Any CPU.ActiveCfg = Release|Any CPU
		{104B07E0-1DF9-4EC2-94E6-DA834EC15055}.Release|Any CPU.Build.0 = Release|Any CPU
	EndGlobalSection
	GlobalSection(SolutionProperties) = preSolution
		HideSolutionNode = FALSE
	EndGlobalSection
EndGlobal
