
Microsoft Visual Studio Solution File, Format Version 12.00
# Visual Studio Version 16
VisualStudioVersion = 16.0.30509.190
MinimumVisualStudioVersion = 10.0.40219.1
Project("{FAE04EC0-301F-11D3-BF4B-00C04F79EFBC}") = "MeasurementAnalyzerStudio", "MeasurementAnalyzerStudio\MeasurementAnalyzerStudio.csproj", "{1FE34E0A-E7BE-4ED6-B1F7-0C3C39612EAC}"
EndProject
Global
	GlobalSection(SolutionConfigurationPlatforms) = preSolution
		Debug|Any CPU = Debug|Any CPU
		Release|Any CPU = Release|Any CPU
	EndGlobalSection
	GlobalSection(ProjectConfigurationPlatforms) = postSolution
		{1FE34E0A-E7BE-4ED6-B1F7-0C3C39612EAC}.Debug|Any CPU.ActiveCfg = Debug|Any CPU
		{1FE34E0A-E7BE-4ED6-B1F7-0C3C39612EAC}.Debug|Any CPU.Build.0 = Debug|Any CPU
		{1FE34E0A-E7BE-4ED6-B1F7-0C3C39612EAC}.Release|Any CPU.ActiveCfg = Release|Any CPU
		{1FE34E0A-E7BE-4ED6-B1F7-0C3C39612EAC}.Release|Any CPU.Build.0 = Release|Any CPU
	EndGlobalSection
	GlobalSection(SolutionProperties) = preSolution
		HideSolutionNode = FALSE
	EndGlobalSection
	GlobalSection(ExtensibilityGlobals) = postSolution
		SolutionGuid = {AD7AB150-1BC0-4675-8244-7B8AAED0C565}
	EndGlobalSection
EndGlobal
