
Microsoft Visual Studio Solution File, Format Version 10.00
# Visual Studio 2008
Project("{FAE04EC0-301F-11D3-BF4B-00C04F79EFBC}") = "Lab 1", "Lab 1\Lab 1.csproj", "{FD89ACCD-1458-4E55-8275-FCC1974E80F8}"
EndProject
Global
	GlobalSection(SolutionConfigurationPlatforms) = preSolution
		Debug|Any CPU = Debug|Any CPU
		Release|Any CPU = Release|Any CPU
	EndGlobalSection
	GlobalSection(ProjectConfigurationPlatforms) = postSolution
		{FD89ACCD-1458-4E55-8275-FCC1974E80F8}.Debug|Any CPU.ActiveCfg = Debug|Any CPU
		{FD89ACCD-1458-4E55-8275-FCC1974E80F8}.Debug|Any CPU.Build.0 = Debug|Any CPU
		{FD89ACCD-1458-4E55-8275-FCC1974E80F8}.Release|Any CPU.ActiveCfg = Release|Any CPU
		{FD89ACCD-1458-4E55-8275-FCC1974E80F8}.Release|Any CPU.Build.0 = Release|Any CPU
	EndGlobalSection
	GlobalSection(SolutionProperties) = preSolution
		HideSolutionNode = FALSE
	EndGlobalSection
EndGlobal
