
Microsoft Visual Studio Solution File, Format Version 12.00
# Visual Studio Version 16
VisualStudioVersion = 16.0.30320.27
MinimumVisualStudioVersion = 10.0.40219.1
Project("{FAE04EC0-301F-11D3-BF4B-00C04F79EFBC}") = "Lab 1", "Lab 1\Lab 1.csproj", "{8004E52D-D190-491D-BC53-D44D033E2BF7}"
EndProject
Global
	GlobalSection(SolutionConfigurationPlatforms) = preSolution
		Debug|Any CPU = Debug|Any CPU
		Release|Any CPU = Release|Any CPU
	EndGlobalSection
	GlobalSection(ProjectConfigurationPlatforms) = postSolution
		{8004E52D-D190-491D-BC53-D44D033E2BF7}.Debug|Any CPU.ActiveCfg = Debug|Any CPU
		{8004E52D-D190-491D-BC53-D44D033E2BF7}.Debug|Any CPU.Build.0 = Debug|Any CPU
		{8004E52D-D190-491D-BC53-D44D033E2BF7}.Release|Any CPU.ActiveCfg = Release|Any CPU
		{8004E52D-D190-491D-BC53-D44D033E2BF7}.Release|Any CPU.Build.0 = Release|Any CPU
	EndGlobalSection
	GlobalSection(SolutionProperties) = preSolution
		HideSolutionNode = FALSE
	EndGlobalSection
	GlobalSection(ExtensibilityGlobals) = postSolution
		SolutionGuid = {6A080C75-9329-4964-B4E9-96BE19DA72C5}
	EndGlobalSection
EndGlobal
