
Microsoft Visual Studio Solution File, Format Version 12.00
# Visual Studio Version 16
VisualStudioVersion = 16.0.30320.27
MinimumVisualStudioVersion = 10.0.40219.1
Project("{FAE04EC0-301F-11D3-BF4B-00C04F79EFBC}") = "Lab 1 Example 2", "Lab 1 Example 2\Lab 1 Example 2.csproj", "{6546D3C5-412E-4C35-92F7-61AE45B93104}"
EndProject
Global
	GlobalSection(SolutionConfigurationPlatforms) = preSolution
		Debug|Any CPU = Debug|Any CPU
		Release|Any CPU = Release|Any CPU
	EndGlobalSection
	GlobalSection(ProjectConfigurationPlatforms) = postSolution
		{6546D3C5-412E-4C35-92F7-61AE45B93104}.Debug|Any CPU.ActiveCfg = Debug|Any CPU
		{6546D3C5-412E-4C35-92F7-61AE45B93104}.Debug|Any CPU.Build.0 = Debug|Any CPU
		{6546D3C5-412E-4C35-92F7-61AE45B93104}.Release|Any CPU.ActiveCfg = Release|Any CPU
		{6546D3C5-412E-4C35-92F7-61AE45B93104}.Release|Any CPU.Build.0 = Release|Any CPU
	EndGlobalSection
	GlobalSection(SolutionProperties) = preSolution
		HideSolutionNode = FALSE
	EndGlobalSection
	GlobalSection(ExtensibilityGlobals) = postSolution
		SolutionGuid = {9F34854E-3CF9-42D7-974C-23FFAA50C5FC}
	EndGlobalSection
EndGlobal
