
Microsoft Visual Studio Solution File, Format Version 10.00
# Visual Studio 2008
Project("{FAE04EC0-301F-11D3-BF4B-00C04F79EFBC}") = "Lab 1", "Lab 1\Lab 1.csproj", "{C4764A09-E106-49A2-9398-326E78A07DD6}"
EndProject
Global
	GlobalSection(SolutionConfigurationPlatforms) = preSolution
		Debug|Any CPU = Debug|Any CPU
		Release|Any CPU = Release|Any CPU
	EndGlobalSection
	GlobalSection(ProjectConfigurationPlatforms) = postSolution
		{C4764A09-E106-49A2-9398-326E78A07DD6}.Debug|Any CPU.ActiveCfg = Debug|Any CPU
		{C4764A09-E106-49A2-9398-326E78A07DD6}.Debug|Any CPU.Build.0 = Debug|Any CPU
		{C4764A09-E106-49A2-9398-326E78A07DD6}.Release|Any CPU.ActiveCfg = Release|Any CPU
		{C4764A09-E106-49A2-9398-326E78A07DD6}.Release|Any CPU.Build.0 = Release|Any CPU
	EndGlobalSection
	GlobalSection(SolutionProperties) = preSolution
		HideSolutionNode = FALSE
	EndGlobalSection
EndGlobal
