
Microsoft Visual Studio Solution File, Format Version 10.00
# Visual Studio 2008
Project("{FAE04EC0-301F-11D3-BF4B-00C04F79EFBC}") = "WorkingWithDataTablesCS", "WorkingWithDataTablesCS\WorkingWithDataTablesCS.csproj", "{140D18F3-A1B2-4A46-BB17-DFED25A59E41}"
EndProject
Global
	GlobalSection(SolutionConfigurationPlatforms) = preSolution
		Debug|Any CPU = Debug|Any CPU
		Release|Any CPU = Release|Any CPU
	EndGlobalSection
	GlobalSection(ProjectConfigurationPlatforms) = postSolution
		{140D18F3-A1B2-4A46-BB17-DFED25A59E41}.Debug|Any CPU.ActiveCfg = Debug|Any CPU
		{140D18F3-A1B2-4A46-BB17-DFED25A59E41}.Debug|Any CPU.Build.0 = Debug|Any CPU
		{140D18F3-A1B2-4A46-BB17-DFED25A59E41}.Release|Any CPU.ActiveCfg = Release|Any CPU
		{140D18F3-A1B2-4A46-BB17-DFED25A59E41}.Release|Any CPU.Build.0 = Release|Any CPU
	EndGlobalSection
	GlobalSection(SolutionProperties) = preSolution
		HideSolutionNode = FALSE
	EndGlobalSection
EndGlobal
