
Microsoft Visual Studio Solution File, Format Version 12.00
# Visual Studio Version 17
VisualStudioVersion = 17.0.31808.319
MinimumVisualStudioVersion = 10.0.40219.1
Project("{FAE04EC0-301F-11D3-BF4B-00C04F79EFBC}") = "Northwind.UI", "FormsWithNinject\Northwind.UI.csproj", "{20647B39-34BE-496E-A377-28182B020D1E}"
EndProject
Project("{FAE04EC0-301F-11D3-BF4B-00C04F79EFBC}") = "Northwind.Domain", "Northwind.Core\Northwind.Domain.csproj", "{38135C89-F834-4E77-BA65-B4AE9C5FDD64}"
EndProject
Global
	GlobalSection(SolutionConfigurationPlatforms) = preSolution
		Debug|Any CPU = Debug|Any CPU
		Release|Any CPU = Release|Any CPU
	EndGlobalSection
	GlobalSection(ProjectConfigurationPlatforms) = postSolution
		{20647B39-34BE-496E-A377-28182B020D1E}.Debug|Any CPU.ActiveCfg = Debug|Any CPU
		{20647B39-34BE-496E-A377-28182B020D1E}.Debug|Any CPU.Build.0 = Debug|Any CPU
		{20647B39-34BE-496E-A377-28182B020D1E}.Release|Any CPU.ActiveCfg = Release|Any CPU
		{20647B39-34BE-496E-A377-28182B020D1E}.Release|Any CPU.Build.0 = Release|Any CPU
		{38135C89-F834-4E77-BA65-B4AE9C5FDD64}.Debug|Any CPU.ActiveCfg = Debug|Any CPU
		{38135C89-F834-4E77-BA65-B4AE9C5FDD64}.Debug|Any CPU.Build.0 = Debug|Any CPU
		{38135C89-F834-4E77-BA65-B4AE9C5FDD64}.Release|Any CPU.ActiveCfg = Release|Any CPU
		{38135C89-F834-4E77-BA65-B4AE9C5FDD64}.Release|Any CPU.Build.0 = Release|Any CPU
	EndGlobalSection
	GlobalSection(SolutionProperties) = preSolution
		HideSolutionNode = FALSE
	EndGlobalSection
	GlobalSection(ExtensibilityGlobals) = postSolution
		SolutionGuid = {C5BF75DC-364B-4C35-8E30-91D4E36FACB0}
	EndGlobalSection
EndGlobal
