
Microsoft Visual Studio Solution File, Format Version 12.00
# Visual Studio Version 17
VisualStudioVersion = 17.0.31903.59
MinimumVisualStudioVersion = 10.0.40219.1
Project("{9A19103F-16F7-4668-BE54-9A1E7A4F7556}") = "EventAggregatorCore", "EventAggrator\EventAggregatorCore.csproj", "{540A3F33-8C71-43C7-ABAB-36521983F4BC}"
EndProject
Global
	GlobalSection(SolutionConfigurationPlatforms) = preSolution
		Debug|Any CPU = Debug|Any CPU
		Release|Any CPU = Release|Any CPU
	EndGlobalSection
	GlobalSection(ProjectConfigurationPlatforms) = postSolution
		{540A3F33-8C71-43C7-ABAB-36521983F4BC}.Debug|Any CPU.ActiveCfg = Debug|Any CPU
		{540A3F33-8C71-43C7-ABAB-36521983F4BC}.Debug|Any CPU.Build.0 = Debug|Any CPU
		{540A3F33-8C71-43C7-ABAB-36521983F4BC}.Release|Any CPU.ActiveCfg = Release|Any CPU
		{540A3F33-8C71-43C7-ABAB-36521983F4BC}.Release|Any CPU.Build.0 = Release|Any CPU
	EndGlobalSection
	GlobalSection(SolutionProperties) = preSolution
		HideSolutionNode = FALSE
	EndGlobalSection
	GlobalSection(ExtensibilityGlobals) = postSolution
		SolutionGuid = {24724481-798B-4A89-9D79-C19EFB1C565E}
	EndGlobalSection
EndGlobal
