
Microsoft Visual Studio Solution File, Format Version 12.00
# Visual Studio Version 17
VisualStudioVersion = 17.0.31808.319
MinimumVisualStudioVersion = 10.0.40219.1
Project("{FAE04EC0-301F-11D3-BF4B-00C04F79EFBC}") = "DataGridApp", "DataGridApp\DataGridApp.csproj", "{838421C4-3B15-425F-B393-1E61ECA4B317}"
EndProject
Global
	GlobalSection(SolutionConfigurationPlatforms) = preSolution
		Debug|Any CPU = Debug|Any CPU
		Release|Any CPU = Release|Any CPU
	EndGlobalSection
	GlobalSection(ProjectConfigurationPlatforms) = postSolution
		{838421C4-3B15-425F-B393-1E61ECA4B317}.Debug|Any CPU.ActiveCfg = Debug|Any CPU
		{838421C4-3B15-425F-B393-1E61ECA4B317}.Debug|Any CPU.Build.0 = Debug|Any CPU
		{838421C4-3B15-425F-B393-1E61ECA4B317}.Release|Any CPU.ActiveCfg = Release|Any CPU
		{838421C4-3B15-425F-B393-1E61ECA4B317}.Release|Any CPU.Build.0 = Release|Any CPU
	EndGlobalSection
	GlobalSection(SolutionProperties) = preSolution
		HideSolutionNode = FALSE
	EndGlobalSection
	GlobalSection(ExtensibilityGlobals) = postSolution
		SolutionGuid = {4DB5FD62-09B4-400E-8A88-D6EA093F2F88}
	EndGlobalSection
EndGlobal
