
Microsoft Visual Studio Solution File, Format Version 12.00
# Visual Studio Version 16
VisualStudioVersion = 16.0.31729.503
MinimumVisualStudioVersion = 10.0.40219.1
Project("{FAE04EC0-301F-11D3-BF4B-00C04F79EFBC}") = "FontViewer", "FontViewer.csproj", "{9FDCC9CB-8BAE-4721-9AD3-BE49983BB376}"
EndProject
Global
	GlobalSection(SolutionConfigurationPlatforms) = preSolution
		Debug|Any CPU = Debug|Any CPU
		Release|Any CPU = Release|Any CPU
	EndGlobalSection
	GlobalSection(ProjectConfigurationPlatforms) = postSolution
		{9FDCC9CB-8BAE-4721-9AD3-BE49983BB376}.Debug|Any CPU.ActiveCfg = Debug|Any CPU
		{9FDCC9CB-8BAE-4721-9AD3-BE49983BB376}.Debug|Any CPU.Build.0 = Debug|Any CPU
		{9FDCC9CB-8BAE-4721-9AD3-BE49983BB376}.Release|Any CPU.ActiveCfg = Release|Any CPU
		{9FDCC9CB-8BAE-4721-9AD3-BE49983BB376}.Release|Any CPU.Build.0 = Release|Any CPU
	EndGlobalSection
	GlobalSection(SolutionProperties) = preSolution
		HideSolutionNode = FALSE
	EndGlobalSection
	GlobalSection(ExtensibilityGlobals) = postSolution
		SolutionGuid = {BF1E656B-C24E-4A0C-84C4-C52BCF2AD8B4}
	EndGlobalSection
EndGlobal
