
Microsoft Visual Studio Solution File, Format Version 12.00
# Visual Studio Version 16
VisualStudioVersion = 16.0.29920.165
MinimumVisualStudioVersion = 10.0.40219.1
Project("{9A19103F-16F7-4668-BE54-9A1E7A4F7556}") = "WindowsFormsUdemyBasicControl01", "WindowsFormsUdemyBasicControl01\WindowsFormsUdemyBasicControl01.csproj", "{13913E9D-172E-46AE-B874-E8E16CEC450B}"
EndProject
Project("{FAE04EC0-301F-11D3-BF4B-00C04F79EFBC}") = "WorkingWithConrols02", "WorkingWithConrols02\WorkingWithConrols02.csproj", "{CBB30D40-9A54-4BF6-BAEB-18F0091B06EB}"
EndProject
Project("{FAE04EC0-301F-11D3-BF4B-00C04F79EFBC}") = "Winforms.Library", "Winforms.Library\Winforms.Library.csproj", "{AB432097-85F7-4FE2-B95C-330289D6347B}"
EndProject
Global
	GlobalSection(SolutionConfigurationPlatforms) = preSolution
		Debug|Any CPU = Debug|Any CPU
		Release|Any CPU = Release|Any CPU
	EndGlobalSection
	GlobalSection(ProjectConfigurationPlatforms) = postSolution
		{13913E9D-172E-46AE-B874-E8E16CEC450B}.Debug|Any CPU.ActiveCfg = Debug|Any CPU
		{13913E9D-172E-46AE-B874-E8E16CEC450B}.Debug|Any CPU.Build.0 = Debug|Any CPU
		{13913E9D-172E-46AE-B874-E8E16CEC450B}.Release|Any CPU.ActiveCfg = Release|Any CPU
		{13913E9D-172E-46AE-B874-E8E16CEC450B}.Release|Any CPU.Build.0 = Release|Any CPU
		{CBB30D40-9A54-4BF6-BAEB-18F0091B06EB}.Debug|Any CPU.ActiveCfg = Debug|Any CPU
		{CBB30D40-9A54-4BF6-BAEB-18F0091B06EB}.Debug|Any CPU.Build.0 = Debug|Any CPU
		{CBB30D40-9A54-4BF6-BAEB-18F0091B06EB}.Release|Any CPU.ActiveCfg = Release|Any CPU
		{CBB30D40-9A54-4BF6-BAEB-18F0091B06EB}.Release|Any CPU.Build.0 = Release|Any CPU
		{AB432097-85F7-4FE2-B95C-330289D6347B}.Debug|Any CPU.ActiveCfg = Debug|Any CPU
		{AB432097-85F7-4FE2-B95C-330289D6347B}.Debug|Any CPU.Build.0 = Debug|Any CPU
		{AB432097-85F7-4FE2-B95C-330289D6347B}.Release|Any CPU.ActiveCfg = Release|Any CPU
		{AB432097-85F7-4FE2-B95C-330289D6347B}.Release|Any CPU.Build.0 = Release|Any CPU
	EndGlobalSection
	GlobalSection(SolutionProperties) = preSolution
		HideSolutionNode = FALSE
	EndGlobalSection
	GlobalSection(ExtensibilityGlobals) = postSolution
		SolutionGuid = {388B2756-BB63-4971-944B-50474CB97FB3}
	EndGlobalSection
EndGlobal
