
Microsoft Visual Studio Solution File, Format Version 12.00
# Visual Studio Version 16
VisualStudioVersion = 16.0.29920.165
MinimumVisualStudioVersion = 10.0.40219.1
Project("{FAE04EC0-301F-11D3-BF4B-00C04F79EFBC}") = "WindowsFormsUdemyBasicControl01", "WindowsFormsUdemyBasicControl01\WindowsFormsUdemyBasicControl01.csproj", "{13913E9D-172E-46AE-B874-E8E16CEC450B}"
EndProject
Global
	GlobalSection(SolutionConfigurationPlatforms) = preSolution
		Debug|Any CPU = Debug|Any CPU
		Release|Any CPU = Release|Any CPU
	EndGlobalSection
	GlobalSection(ProjectConfigurationPlatforms) = postSolution
		{13913E9D-172E-46AE-B874-E8E16CEC450B}.Debug|Any CPU.ActiveCfg = Debug|Any CPU
		{13913E9D-172E-46AE-B874-E8E16CEC450B}.Debug|Any CPU.Build.0 = Debug|Any CPU
		{13913E9D-172E-46AE-B874-E8E16CEC450B}.Release|Any CPU.ActiveCfg = Release|Any CPU
		{13913E9D-172E-46AE-B874-E8E16CEC450B}.Release|Any CPU.Build.0 = Release|Any CPU
	EndGlobalSection
	GlobalSection(SolutionProperties) = preSolution
		HideSolutionNode = FALSE
	EndGlobalSection
	GlobalSection(ExtensibilityGlobals) = postSolution
		SolutionGuid = {388B2756-BB63-4971-944B-50474CB97FB3}
	EndGlobalSection
EndGlobal
