
Microsoft Visual Studio Solution File, Format Version 12.00
# Visual Studio Version 16
VisualStudioVersion = 16.0.30524.135
MinimumVisualStudioVersion = 10.0.40219.1
Project("{FAE04EC0-301F-11D3-BF4B-00C04F79EFBC}") = "Mathematics.Lib", "Mathematics.Lib\Mathematics.Lib.csproj", "{B3B8EE16-A119-471C-BC01-9219FF074459}"
EndProject
Project("{FAE04EC0-301F-11D3-BF4B-00C04F79EFBC}") = "Mathematics.Lib.Tests", "Mathematics.Lib.Tests\Mathematics.Lib.Tests.csproj", "{F158E820-4087-4212-8E0E-221C7C7772C7}"
EndProject
Global
	GlobalSection(SolutionConfigurationPlatforms) = preSolution
		Debug|Any CPU = Debug|Any CPU
		Release|Any CPU = Release|Any CPU
	EndGlobalSection
	GlobalSection(ProjectConfigurationPlatforms) = postSolution
		{B3B8EE16-A119-471C-BC01-9219FF074459}.Debug|Any CPU.ActiveCfg = Debug|Any CPU
		{B3B8EE16-A119-471C-BC01-9219FF074459}.Debug|Any CPU.Build.0 = Debug|Any CPU
		{B3B8EE16-A119-471C-BC01-9219FF074459}.Release|Any CPU.ActiveCfg = Release|Any CPU
		{B3B8EE16-A119-471C-BC01-9219FF074459}.Release|Any CPU.Build.0 = Release|Any CPU
		{F158E820-4087-4212-8E0E-221C7C7772C7}.Debug|Any CPU.ActiveCfg = Debug|Any CPU
		{F158E820-4087-4212-8E0E-221C7C7772C7}.Debug|Any CPU.Build.0 = Debug|Any CPU
		{F158E820-4087-4212-8E0E-221C7C7772C7}.Release|Any CPU.ActiveCfg = Release|Any CPU
		{F158E820-4087-4212-8E0E-221C7C7772C7}.Release|Any CPU.Build.0 = Release|Any CPU
	EndGlobalSection
	GlobalSection(SolutionProperties) = preSolution
		HideSolutionNode = FALSE
	EndGlobalSection
	GlobalSection(ExtensibilityGlobals) = postSolution
		SolutionGuid = {E3378BB0-F57D-4E5E-B897-AA579D3F6824}
	EndGlobalSection
EndGlobal
