
Microsoft Visual Studio Solution File, Format Version 12.00
# Visual Studio Version 16
VisualStudioVersion = 16.0.29920.165
MinimumVisualStudioVersion = 10.0.40219.1
Project("{FAE04EC0-301F-11D3-BF4B-00C04F79EFBC}") = "ConsoleDemoApp", "ConsoleDemoApp\ConsoleDemoApp.csproj", "{552796C8-E92D-497F-9BB2-796221B4EF89}"
EndProject
Project("{FAE04EC0-301F-11D3-BF4B-00C04F79EFBC}") = "ConsoleDemoApp02", "ConsoleDemoApp02\ConsoleDemoApp02.csproj", "{3516BFCA-AA26-4337-91C5-57AA2426DE2B}"
EndProject
Global
	GlobalSection(SolutionConfigurationPlatforms) = preSolution
		Debug|Any CPU = Debug|Any CPU
		Release|Any CPU = Release|Any CPU
	EndGlobalSection
	GlobalSection(ProjectConfigurationPlatforms) = postSolution
		{552796C8-E92D-497F-9BB2-796221B4EF89}.Debug|Any CPU.ActiveCfg = Debug|Any CPU
		{552796C8-E92D-497F-9BB2-796221B4EF89}.Debug|Any CPU.Build.0 = Debug|Any CPU
		{552796C8-E92D-497F-9BB2-796221B4EF89}.Release|Any CPU.ActiveCfg = Release|Any CPU
		{552796C8-E92D-497F-9BB2-796221B4EF89}.Release|Any CPU.Build.0 = Release|Any CPU
		{3516BFCA-AA26-4337-91C5-57AA2426DE2B}.Debug|Any CPU.ActiveCfg = Debug|Any CPU
		{3516BFCA-AA26-4337-91C5-57AA2426DE2B}.Debug|Any CPU.Build.0 = Debug|Any CPU
		{3516BFCA-AA26-4337-91C5-57AA2426DE2B}.Release|Any CPU.ActiveCfg = Release|Any CPU
		{3516BFCA-AA26-4337-91C5-57AA2426DE2B}.Release|Any CPU.Build.0 = Release|Any CPU
	EndGlobalSection
	GlobalSection(SolutionProperties) = preSolution
		HideSolutionNode = FALSE
	EndGlobalSection
	GlobalSection(ExtensibilityGlobals) = postSolution
		SolutionGuid = {12BD1B5D-A626-4825-8F4E-5FA0D0C6A4DA}
	EndGlobalSection
EndGlobal
