
Microsoft Visual Studio Solution File, Format Version 12.00
# Visual Studio Version 16
VisualStudioVersion = 16.0.30509.190
MinimumVisualStudioVersion = 10.0.40219.1
Project("{9A19103F-16F7-4668-BE54-9A1E7A4F7556}") = "WindowsFormsIntroduction", "WindowsFormsIntroduction\WindowsFormsIntroduction.csproj", "{8E2E8395-25AD-4FEC-AA85-6BC3A7D2C350}"
EndProject
Project("{9A19103F-16F7-4668-BE54-9A1E7A4F7556}") = "WinformsBestDotNetTrainingFromUdemy", "WinformsBestDotNetTrainingFromUdemy\WinformsBestDotNetTrainingFromUdemy.csproj", "{89B077FC-3561-40CF-A371-3FBF051D3031}"
EndProject
Project("{9A19103F-16F7-4668-BE54-9A1E7A4F7556}") = "WindowsFormsFromUdemy", "WindowsFormsFromUdemy\WindowsFormsFromUdemy.csproj", "{F0223460-35F8-4D5E-84E0-F7007E4D4347}"
EndProject
Project("{FAE04EC0-301F-11D3-BF4B-00C04F79EFBC}") = "WindowsFormsFromUdemyApp", "WindowsFormsFromUdemyApp\WindowsFormsFromUdemyApp.csproj", "{AAE2A082-2FC8-4A2B-93DB-02FEA39C72E0}"
EndProject
Project("{9A19103F-16F7-4668-BE54-9A1E7A4F7556}") = "WindowsFormsContainerDemoApp", "WindowsFormsContainerDemoApp\WindowsFormsContainerDemoApp.csproj", "{1373CFFD-3DC2-4911-9480-CFABBB9E0E4C}"
EndProject
Project("{9A19103F-16F7-4668-BE54-9A1E7A4F7556}") = "WindowsFormsGraphicsDemoApp", "WindowsFormsGraphicsDemoApp\WindowsFormsGraphicsDemoApp.csproj", "{83AD0A41-F462-4DFE-AA96-3589499CE1DC}"
EndProject
Project("{FAE04EC0-301F-11D3-BF4B-00C04F79EFBC}") = "FormsModelViewPresenter", "WindowsFormsModelViewPresenterDemoApp\FormsModelViewPresenter.csproj", "{2B74AF0A-9F42-42F7-8FB8-486F802DCBFF}"
EndProject
Global
	GlobalSection(SolutionConfigurationPlatforms) = preSolution
		Debug|Any CPU = Debug|Any CPU
		Release|Any CPU = Release|Any CPU
	EndGlobalSection
	GlobalSection(ProjectConfigurationPlatforms) = postSolution
		{8E2E8395-25AD-4FEC-AA85-6BC3A7D2C350}.Debug|Any CPU.ActiveCfg = Debug|Any CPU
		{8E2E8395-25AD-4FEC-AA85-6BC3A7D2C350}.Debug|Any CPU.Build.0 = Debug|Any CPU
		{8E2E8395-25AD-4FEC-AA85-6BC3A7D2C350}.Release|Any CPU.ActiveCfg = Release|Any CPU
		{8E2E8395-25AD-4FEC-AA85-6BC3A7D2C350}.Release|Any CPU.Build.0 = Release|Any CPU
		{89B077FC-3561-40CF-A371-3FBF051D3031}.Debug|Any CPU.ActiveCfg = Debug|Any CPU
		{89B077FC-3561-40CF-A371-3FBF051D3031}.Debug|Any CPU.Build.0 = Debug|Any CPU
		{89B077FC-3561-40CF-A371-3FBF051D3031}.Release|Any CPU.ActiveCfg = Release|Any CPU
		{89B077FC-3561-40CF-A371-3FBF051D3031}.Release|Any CPU.Build.0 = Release|Any CPU
		{F0223460-35F8-4D5E-84E0-F7007E4D4347}.Debug|Any CPU.ActiveCfg = Debug|Any CPU
		{F0223460-35F8-4D5E-84E0-F7007E4D4347}.Debug|Any CPU.Build.0 = Debug|Any CPU
		{F0223460-35F8-4D5E-84E0-F7007E4D4347}.Release|Any CPU.ActiveCfg = Release|Any CPU
		{F0223460-35F8-4D5E-84E0-F7007E4D4347}.Release|Any CPU.Build.0 = Release|Any CPU
		{AAE2A082-2FC8-4A2B-93DB-02FEA39C72E0}.Debug|Any CPU.ActiveCfg = Debug|Any CPU
		{AAE2A082-2FC8-4A2B-93DB-02FEA39C72E0}.Debug|Any CPU.Build.0 = Debug|Any CPU
		{AAE2A082-2FC8-4A2B-93DB-02FEA39C72E0}.Release|Any CPU.ActiveCfg = Release|Any CPU
		{AAE2A082-2FC8-4A2B-93DB-02FEA39C72E0}.Release|Any CPU.Build.0 = Release|Any CPU
		{1373CFFD-3DC2-4911-9480-CFABBB9E0E4C}.Debug|Any CPU.ActiveCfg = Debug|Any CPU
		{1373CFFD-3DC2-4911-9480-CFABBB9E0E4C}.Debug|Any CPU.Build.0 = Debug|Any CPU
		{1373CFFD-3DC2-4911-9480-CFABBB9E0E4C}.Release|Any CPU.ActiveCfg = Release|Any CPU
		{1373CFFD-3DC2-4911-9480-CFABBB9E0E4C}.Release|Any CPU.Build.0 = Release|Any CPU
		{83AD0A41-F462-4DFE-AA96-3589499CE1DC}.Debug|Any CPU.ActiveCfg = Debug|Any CPU
		{83AD0A41-F462-4DFE-AA96-3589499CE1DC}.Debug|Any CPU.Build.0 = Debug|Any CPU
		{83AD0A41-F462-4DFE-AA96-3589499CE1DC}.Release|Any CPU.ActiveCfg = Release|Any CPU
		{83AD0A41-F462-4DFE-AA96-3589499CE1DC}.Release|Any CPU.Build.0 = Release|Any CPU
		{2B74AF0A-9F42-42F7-8FB8-486F802DCBFF}.Debug|Any CPU.ActiveCfg = Debug|Any CPU
		{2B74AF0A-9F42-42F7-8FB8-486F802DCBFF}.Debug|Any CPU.Build.0 = Debug|Any CPU
		{2B74AF0A-9F42-42F7-8FB8-486F802DCBFF}.Release|Any CPU.ActiveCfg = Release|Any CPU
		{2B74AF0A-9F42-42F7-8FB8-486F802DCBFF}.Release|Any CPU.Build.0 = Release|Any CPU
	EndGlobalSection
	GlobalSection(SolutionProperties) = preSolution
		HideSolutionNode = FALSE
	EndGlobalSection
	GlobalSection(ExtensibilityGlobals) = postSolution
		SolutionGuid = {519A3A47-5F99-49A9-BC0F-08ABD167E31D}
	EndGlobalSection
EndGlobal
