
Microsoft Visual Studio Solution File, Format Version 10.00
# Visual Studio 2008
Project("{FAE04EC0-301F-11D3-BF4B-00C04F79EFBC}") = "Lab 2", "Lab 2\Lab 2.csproj", "{337E8B62-9894-42E1-BB23-479FDE3060BB}"
EndProject
Global
	GlobalSection(SolutionConfigurationPlatforms) = preSolution
		Debug|Any CPU = Debug|Any CPU
		Release|Any CPU = Release|Any CPU
	EndGlobalSection
	GlobalSection(ProjectConfigurationPlatforms) = postSolution
		{337E8B62-9894-42E1-BB23-479FDE3060BB}.Debug|Any CPU.ActiveCfg = Debug|Any CPU
		{337E8B62-9894-42E1-BB23-479FDE3060BB}.Debug|Any CPU.Build.0 = Debug|Any CPU
		{337E8B62-9894-42E1-BB23-479FDE3060BB}.Release|Any CPU.ActiveCfg = Release|Any CPU
		{337E8B62-9894-42E1-BB23-479FDE3060BB}.Release|Any CPU.Build.0 = Release|Any CPU
	EndGlobalSection
	GlobalSection(SolutionProperties) = preSolution
		HideSolutionNode = FALSE
	EndGlobalSection
EndGlobal
