
Microsoft Visual Studio Solution File, Format Version 10.00
# Visual Studio 2008
Project("{FAE04EC0-301F-11D3-BF4B-00C04F79EFBC}") = "LinqToObjects", "LinqToObjects\LinqToObjects.csproj", "{ECCDF8AD-7D28-409F-8461-E7A2F8612251}"
EndProject
Global
	GlobalSection(SolutionConfigurationPlatforms) = preSolution
		Debug|Any CPU = Debug|Any CPU
		Release|Any CPU = Release|Any CPU
	EndGlobalSection
	GlobalSection(ProjectConfigurationPlatforms) = postSolution
		{ECCDF8AD-7D28-409F-8461-E7A2F8612251}.Debug|Any CPU.ActiveCfg = Debug|Any CPU
		{ECCDF8AD-7D28-409F-8461-E7A2F8612251}.Debug|Any CPU.Build.0 = Debug|Any CPU
		{ECCDF8AD-7D28-409F-8461-E7A2F8612251}.Release|Any CPU.ActiveCfg = Release|Any CPU
		{ECCDF8AD-7D28-409F-8461-E7A2F8612251}.Release|Any CPU.Build.0 = Release|Any CPU
	EndGlobalSection
	GlobalSection(SolutionProperties) = preSolution
		HideSolutionNode = FALSE
	EndGlobalSection
EndGlobal
